
Microsoft Visual Studio Solution File, Format Version 12.00
# Visual Studio Version 17
VisualStudioVersion = 17.11.35303.130
MinimumVisualStudioVersion = 10.0.40219.1
Project("{8BC9CEB8-8B4A-11D0-8D11-00A0C91BC942}") = "lab_5.4", "lab_5.4\lab_5.4.vcxproj", "{0B677F18-1845-4CC4-BE4F-7D8AE59003FA}"
EndProject
Project("{8BC9CEB8-8B4A-11D0-8D11-00A0C91BC942}") = "UnitTest1", "UnitTest1\UnitTest1.vcxproj", "{760A56E9-6F9F-47F7-9C03-F9E432FE784D}"
EndProject
Global
	GlobalSection(SolutionConfigurationPlatforms) = preSolution
		Debug|x64 = Debug|x64
		Debug|x86 = Debug|x86
		Release|x64 = Release|x64
		Release|x86 = Release|x86
	EndGlobalSection
	GlobalSection(ProjectConfigurationPlatforms) = postSolution
		{0B677F18-1845-4CC4-BE4F-7D8AE59003FA}.Debug|x64.ActiveCfg = Debug|x64
		{0B677F18-1845-4CC4-BE4F-7D8AE59003FA}.Debug|x64.Build.0 = Debug|x64
		{0B677F18-1845-4CC4-BE4F-7D8AE59003FA}.Debug|x86.ActiveCfg = Debug|Win32
		{0B677F18-1845-4CC4-BE4F-7D8AE59003FA}.Debug|x86.Build.0 = Debug|Win32
		{0B677F18-1845-4CC4-BE4F-7D8AE59003FA}.Release|x64.ActiveCfg = Release|x64
		{0B677F18-1845-4CC4-BE4F-7D8AE59003FA}.Release|x64.Build.0 = Release|x64
		{0B677F18-1845-4CC4-BE4F-7D8AE59003FA}.Release|x86.ActiveCfg = Release|Win32
		{0B677F18-1845-4CC4-BE4F-7D8AE59003FA}.Release|x86.Build.0 = Release|Win32
		{760A56E9-6F9F-47F7-9C03-F9E432FE784D}.Debug|x64.ActiveCfg = Debug|x64
		{760A56E9-6F9F-47F7-9C03-F9E432FE784D}.Debug|x64.Build.0 = Debug|x64
		{760A56E9-6F9F-47F7-9C03-F9E432FE784D}.Debug|x86.ActiveCfg = Debug|Win32
		{760A56E9-6F9F-47F7-9C03-F9E432FE784D}.Debug|x86.Build.0 = Debug|Win32
		{760A56E9-6F9F-47F7-9C03-F9E432FE784D}.Release|x64.ActiveCfg = Release|x64
		{760A56E9-6F9F-47F7-9C03-F9E432FE784D}.Release|x64.Build.0 = Release|x64
		{760A56E9-6F9F-47F7-9C03-F9E432FE784D}.Release|x86.ActiveCfg = Release|Win32
		{760A56E9-6F9F-47F7-9C03-F9E432FE784D}.Release|x86.Build.0 = Release|Win32
	EndGlobalSection
	GlobalSection(SolutionProperties) = preSolution
		HideSolutionNode = FALSE
	EndGlobalSection
	GlobalSection(ExtensibilityGlobals) = postSolution
		SolutionGuid = {9848047D-A809-4E41-BADA-77C93B5AFB9C}
	EndGlobalSection
EndGlobal
